<?xml version="1.0" encoding="utf-8"?>
<Project ToolsVersion="4.0" xmlns="http://schemas.microsoft.com/developer/msbuild/2003">
  <ItemGroup>
    <ClCompile Include="Copy.cpp" />
    <ClCompile Include="csriapi.cpp" />
    <ClCompile Include="DirectVobSub.cpp" />
    <ClCompile Include="DirectVobSubFilter.cpp" />
    <ClCompile Include="DirectVobSubPropPage.cpp" />
    <ClCompile Include="plugins.cpp" />
    <ClCompile Include="StdAfx.cpp" />
    <ClCompile Include="StyleEditorDialog.cpp" />
    <ClCompile Include="systray.cpp" />
    <ClCompile Include="TextInputPin.cpp" />
    <ClCompile Include="vfr.cpp" />
    <ClCompile Include="VSFilter.cpp" />
  </ItemGroup>
  <ItemGroup>
    <ClInclude Include="StdAfx.h" />
    <ClInclude Include="csri.h" />
    <ClInclude Include="DirectVobSub.h" />
    <ClInclude Include="DirectVobSubFilter.h" />
    <ClInclude Include="DirectVobSubPropPage.h" />
    <ClInclude Include="IDirectVobSub.h" />
    <ClInclude Include="StyleEditorDialog.h" />
    <ClInclude Include="systray.h" />
    <ClInclude Include="TextInputPin.h" />
    <ClInclude Include="vfr.h" />
    <ClInclude Include="VSFilter.h" />
    <ClInclude Include="resource.h" />
  </ItemGroup>
  <ItemGroup>
    <ResourceCompile Include="VSFilter.rc" />
  </ItemGroup>
  <ItemGroup>
    <None Include="VSFilter.def" />
    <None Include="res\Icon_147.ico" />
  </ItemGroup>
  <ItemGroup>
    <Filter Include="Source Files">
      <UniqueIdentifier>{e2a9198f-038d-41f2-ba2a-78dca69c198a}</UniqueIdentifier>
      <Extensions>cpp;c;cxx;rc;def;r;odl;idl;hpj;bat</Extensions>
    </Filter>
    <Filter Include="Header Files">
      <UniqueIdentifier>{82eee1a2-e811-4c62-b8d1-84409818c4fa}</UniqueIdentifier>
      <Extensions>h;hpp;hxx;hm;inl</Extensions>
    </Filter>
    <Filter Include="Resource Files">
      <UniqueIdentifier>{5a3a1ee9-ee9e-41e7-8f76-2ec8e59f5cad}</UniqueIdentifier>
      <Extensions>ico;cur;bmp;dlg;rc2;rct;bin;rgs;gif;jpg;jpeg;jpe</Extensions>
    </Filter>
  </ItemGroup>
</Project>