<?xml version="1.0" encoding="utf-8"?>
<Project ToolsVersion="4.0" xmlns="http://schemas.microsoft.com/developer/msbuild/2003">
  <ItemGroup>
    <Filter Include="Source Files">
      <UniqueIdentifier>{7492c89d-8f08-4e7b-b8f3-1fb6a83b3bda}</UniqueIdentifier>
      <Extensions>cpp;c;cxx;def;odl;idl;hpj;bat;asm</Extensions>
    </Filter>
    <Filter Include="Header Files">
      <UniqueIdentifier>{71543234-0383-4c5b-81b8-774e3866c62f}</UniqueIdentifier>
      <Extensions>h;hpp;hxx;hm;inl;inc</Extensions>
    </Filter>
    <Filter Include="Resource Files">
      <UniqueIdentifier>{7f6445b9-6dc0-46eb-b5a9-467f84dbeecf}</UniqueIdentifier>
      <Extensions>rc;ico;cur;bmp;dlg;rc2;rct;bin;rgs;gif;jpg;jpeg;jpe</Extensions>
    </Filter>
  </ItemGroup>
  <ItemGroup>
    <ClCompile Include="CoordGeom.cpp">
      <Filter>Source Files</Filter>
    </ClCompile>
    <ClCompile Include="DX9SubPic.cpp">
      <Filter>Source Files</Filter>
    </ClCompile>
    <ClCompile Include="MemSubPic.cpp">
      <Filter>Source Files</Filter>
    </ClCompile>
    <ClCompile Include="stdafx.cpp">
      <Filter>Source Files</Filter>
    </ClCompile>
    <ClCompile Include="CRect2.cpp">
      <Filter>Source Files</Filter>
    </ClCompile>
    <ClCompile Include="PooledSubPic.cpp">
      <Filter>Source Files</Filter>
    </ClCompile>
    <ClCompile Include="color_conv_table.cpp">
      <Filter>Source Files</Filter>
    </ClCompile>
    <ClCompile Include="SubPicAllocatorPresenterImpl.cpp">
      <Filter>Source Files</Filter>
    </ClCompile>
    <ClCompile Include="SubPicImpl.cpp">
      <Filter>Source Files</Filter>
    </ClCompile>
    <ClCompile Include="SubPicProviderImpl.cpp">
      <Filter>Source Files</Filter>
    </ClCompile>
    <ClCompile Include="SubPicQueueImpl.cpp">
      <Filter>Source Files</Filter>
    </ClCompile>
    <ClCompile Include="SubPicProviderExWrapper.cpp">
      <Filter>Source Files</Filter>
    </ClCompile>
    <ClCompile Include="SimpleSubPicWrapper.cpp">
      <Filter>Source Files</Filter>
    </ClCompile>
    <ClCompile Include="SimpleSubPicProviderImpl.cpp">
      <Filter>Source Files</Filter>
    </ClCompile>
    <ClCompile Include="SimpleSubpicImpl.cpp">
      <Filter>Source Files</Filter>
    </ClCompile>
    <ClCompile Include="XySubRenderFrameWrapper.cpp">
      <Filter>Source Files</Filter>
    </ClCompile>
    <ClCompile Include="XySubRenderProviderWrapper.cpp">
      <Filter>Source Files</Filter>
    </ClCompile>
    <ClCompile Include="alpha_blender.cpp">
      <Filter>Source Files</Filter>
    </ClCompile>
  </ItemGroup>
  <ItemGroup>
    <ClInclude Include="CoordGeom.h">
      <Filter>Header Files</Filter>
    </ClInclude>
    <ClInclude Include="DX9SubPic.h">
      <Filter>Header Files</Filter>
    </ClInclude>
    <ClInclude Include="ISubPic.h">
      <Filter>Header Files</Filter>
    </ClInclude>
    <ClInclude Include="MemSubPic.h">
      <Filter>Header Files</Filter>
    </ClInclude>
    <ClInclude Include="stdafx.h">
      <Filter>Header Files</Filter>
    </ClInclude>
    <ClInclude Include="CRect2.h">
      <Filter>Header Files</Filter>
    </ClInclude>
    <ClInclude Include="PooledSubPic.h">
      <Filter>Header Files</Filter>
    </ClInclude>
    <ClInclude Include="color_conv_table.h">
      <Filter>Header Files</Filter>
    </ClInclude>
    <ClInclude Include="ISubRender.h">
      <Filter>Header Files</Filter>
    </ClInclude>
    <ClInclude Include="SubPicAllocatorPresenterImpl.h">
      <Filter>Header Files</Filter>
    </ClInclude>
    <ClInclude Include="SubPicImpl.h">
      <Filter>Header Files</Filter>
    </ClInclude>
    <ClInclude Include="SubPicProviderImpl.h">
      <Filter>Header Files</Filter>
    </ClInclude>
    <ClInclude Include="SubPicQueueImpl.h">
      <Filter>Header Files</Filter>
    </ClInclude>
    <ClInclude Include="SubPicProviderExWrapper.h">
      <Filter>Header Files</Filter>
    </ClInclude>
    <ClInclude Include="xy_intrinsics.h">
      <Filter>Header Files</Filter>
    </ClInclude>
    <ClInclude Include="ISimpleSubPic.h">
      <Filter>Header Files</Filter>
    </ClInclude>
    <ClInclude Include="SimpleSubPicWrapper.h">
      <Filter>Header Files</Filter>
    </ClInclude>
    <ClInclude Include="SimpleSubPicProviderImpl.h">
      <Filter>Header Files</Filter>
    </ClInclude>
    <ClInclude Include="SimpleSubpicImpl.h">
      <Filter>Header Files</Filter>
    </ClInclude>
    <ClInclude Include="XySubRenderFrameWrapper.h">
      <Filter>Header Files</Filter>
    </ClInclude>
    <ClInclude Include="XySubRenderProviderWrapper.h">
      <Filter>Header Files</Filter>
    </ClInclude>
    <ClInclude Include="alpha_blender.h">
      <Filter>Header Files</Filter>
    </ClInclude>
  </ItemGroup>
</Project>