<?xml version="1.0" encoding="utf-8"?>
<Project ToolsVersion="4.0" xmlns="http://schemas.microsoft.com/developer/msbuild/2003">
  <ItemGroup>
    <Filter Include="Source Files">
      <UniqueIdentifier>{8b7ce297-cfed-46ff-a19a-af4c6faffe3f}</UniqueIdentifier>
      <Extensions>cpp;c;cxx;def;odl;idl;hpj;bat;asm</Extensions>
    </Filter>
    <Filter Include="Header Files">
      <UniqueIdentifier>{cd48eca6-d2da-4f87-a7b3-1938d0da3347}</UniqueIdentifier>
      <Extensions>h;hpp;hxx;hm;inl;inc</Extensions>
    </Filter>
    <Filter Include="Resource Files">
      <UniqueIdentifier>{c5b4a5b0-5a5f-48b9-8471-10d7245f8e68}</UniqueIdentifier>
      <Extensions>rc;ico;cur;bmp;dlg;rc2;rct;bin;rgs;gif;jpg;jpeg;jpe</Extensions>
    </Filter>
  </ItemGroup>
  <ItemGroup>
    <ClCompile Include="CCDecoder.cpp">
      <Filter>Source Files</Filter>
    </ClCompile>
    <ClCompile Include="GFN.cpp">
      <Filter>Source Files</Filter>
    </ClCompile>
    <ClCompile Include="Rasterizer.cpp">
      <Filter>Source Files</Filter>
    </ClCompile>
    <ClCompile Include="RealTextParser.cpp">
      <Filter>Source Files</Filter>
    </ClCompile>
    <ClCompile Include="RTS.cpp">
      <Filter>Source Files</Filter>
    </ClCompile>
    <ClCompile Include="SSF.cpp">
      <Filter>Source Files</Filter>
    </ClCompile>
    <ClCompile Include="stdafx.cpp">
      <Filter>Source Files</Filter>
    </ClCompile>
    <ClCompile Include="STS.cpp">
      <Filter>Source Files</Filter>
    </ClCompile>
    <ClCompile Include="SubtitleInputPin.cpp">
      <Filter>Source Files</Filter>
    </ClCompile>
    <ClCompile Include="USFSubtitles.cpp">
      <Filter>Source Files</Filter>
    </ClCompile>
    <ClCompile Include="VobSubFile.cpp">
      <Filter>Source Files</Filter>
    </ClCompile>
    <ClCompile Include="VobSubFileRipper.cpp">
      <Filter>Source Files</Filter>
    </ClCompile>
    <ClCompile Include="VobSubImage.cpp">
      <Filter>Source Files</Filter>
    </ClCompile>
    <ClCompile Include="xy_malloc.cpp">
      <Filter>Source Files</Filter>
    </ClCompile>
    <ClCompile Include="cache_manager.cpp">
      <Filter>Source Files</Filter>
    </ClCompile>
    <ClCompile Include="subpixel_position_controler.cpp">
      <Filter>Source Files</Filter>
    </ClCompile>
    <ClCompile Include="BaseSub.cpp">
      <Filter>Source Files</Filter>
    </ClCompile>
    <ClCompile Include="CompositionObject.cpp">
      <Filter>Source Files</Filter>
    </ClCompile>
    <ClCompile Include="DVBSub.cpp">
      <Filter>Source Files</Filter>
    </ClCompile>
    <ClCompile Include="HdmvSub.cpp">
      <Filter>Source Files</Filter>
    </ClCompile>
    <ClCompile Include="RenderedHdmvSubtitle.cpp">
      <Filter>Source Files</Filter>
    </ClCompile>
    <ClCompile Include="draw_item.cpp">
      <Filter>Source Files</Filter>
    </ClCompile>
    <ClCompile Include="xy_overlay_paint_machine.cpp">
      <Filter>Source Files</Filter>
    </ClCompile>
    <ClCompile Include="xy_clipper_paint_machine.cpp">
      <Filter>Source Files</Filter>
    </ClCompile>
    <ClCompile Include="xy_bitmap.cpp">
      <Filter>Source Files</Filter>
    </ClCompile>
    <ClCompile Include="xy_widen_region.cpp">
      <Filter>Source Files</Filter>
    </ClCompile>
    <ClCompile Include="xy_filter.cpp">
      <Filter>Source Files</Filter>
    </ClCompile>
    <ClCompile Include="TextFile.cpp">
      <Filter>Source Files</Filter>
    </ClCompile>
    <ClCompile Include="hdmv_subtitle_provider.cpp">
      <Filter>Source Files</Filter>
    </ClCompile>
    <ClCompile Include="StdioFile64.cpp">
      <Filter>Source Files</Filter>
    </ClCompile>
  </ItemGroup>
  <ItemGroup>
    <ClInclude Include="CCDecoder.h">
      <Filter>Header Files</Filter>
    </ClInclude>
    <ClInclude Include="GFN.h">
      <Filter>Header Files</Filter>
    </ClInclude>
    <ClInclude Include="Rasterizer.h">
      <Filter>Header Files</Filter>
    </ClInclude>
    <ClInclude Include="RealTextParser.h">
      <Filter>Header Files</Filter>
    </ClInclude>
    <ClInclude Include="RTS.h">
      <Filter>Header Files</Filter>
    </ClInclude>
    <ClInclude Include="SeparableFilter.h">
      <Filter>Header Files</Filter>
    </ClInclude>
    <ClInclude Include="SSF.h">
      <Filter>Header Files</Filter>
    </ClInclude>
    <ClInclude Include="stdafx.h">
      <Filter>Header Files</Filter>
    </ClInclude>
    <ClInclude Include="STS.h">
      <Filter>Header Files</Filter>
    </ClInclude>
    <ClInclude Include="SubtitleInputPin.h">
      <Filter>Header Files</Filter>
    </ClInclude>
    <ClInclude Include="TextFile.h">
      <Filter>Header Files</Filter>
    </ClInclude>
    <ClInclude Include="USFSubtitles.h">
      <Filter>Header Files</Filter>
    </ClInclude>
    <ClInclude Include="VobSubFile.h">
      <Filter>Header Files</Filter>
    </ClInclude>
    <ClInclude Include="VobSubFileRipper.h">
      <Filter>Header Files</Filter>
    </ClInclude>
    <ClInclude Include="VobSubImage.h">
      <Filter>Header Files</Filter>
    </ClInclude>
    <ClInclude Include="flyweight_base_types.h">
      <Filter>Header Files</Filter>
    </ClInclude>
    <ClInclude Include="xy_malloc.h">
      <Filter>Header Files</Filter>
    </ClInclude>
    <ClInclude Include="mru_cache.h">
      <Filter>Header Files</Filter>
    </ClInclude>
    <ClInclude Include="cache_manager.h">
      <Filter>Header Files</Filter>
    </ClInclude>
    <ClInclude Include="subpixel_position_controler.h">
      <Filter>Header Files</Filter>
    </ClInclude>
    <ClInclude Include="BaseSub.h">
      <Filter>Header Files</Filter>
    </ClInclude>
    <ClInclude Include="CompositionObject.h">
      <Filter>Header Files</Filter>
    </ClInclude>
    <ClInclude Include="DVBSub.h">
      <Filter>Header Files</Filter>
    </ClInclude>
    <ClInclude Include="HdmvSub.h">
      <Filter>Header Files</Filter>
    </ClInclude>
    <ClInclude Include="RenderedHdmvSubtitle.h">
      <Filter>Header Files</Filter>
    </ClInclude>
    <ClInclude Include="draw_item.h">
      <Filter>Header Files</Filter>
    </ClInclude>
    <ClInclude Include="xy_overlay_paint_machine.h">
      <Filter>Header Files</Filter>
    </ClInclude>
    <ClInclude Include="xy_clipper_paint_machine.h">
      <Filter>Header Files</Filter>
    </ClInclude>
    <ClInclude Include="xy_bitmap.h">
      <Filter>Header Files</Filter>
    </ClInclude>
    <ClInclude Include="xy_circular_array_queue.h">
      <Filter>Source Files</Filter>
    </ClInclude>
    <ClInclude Include="xy_widen_regoin.h">
      <Filter>Header Files</Filter>
    </ClInclude>
    <ClInclude Include="hdmv_subtitle_provider.h">
      <Filter>Header Files</Filter>
    </ClInclude>
    <ClInclude Include="xy_int_map.h">
      <Filter>Header Files</Filter>
    </ClInclude>
    <ClInclude Include="StdioFile64.h">
      <Filter>Header Files</Filter>
    </ClInclude>
  </ItemGroup>
</Project>